
Microsoft Visual Studio Solution File, Format Version 12.00
# Visual Studio 15
VisualStudioVersion = 15.0.28010.2048
MinimumVisualStudioVersion = 10.0.40219.1
Project("{FAE04EC0-301F-11D3-BF4B-00C04F79EFBC}") = "BlazorDemoAspHosted.Server", "BlazorDemoAspHosted.Server\BlazorDemoAspHosted.Server.csproj", "{A19ED3DA-5138-48E4-9B6F-DB09D0FC710E}"
EndProject
Project("{FAE04EC0-301F-11D3-BF4B-00C04F79EFBC}") = "BlazorDemoAspHosted.Client", "BlazorDemoAspHosted.Client\BlazorDemoAspHosted.Client.csproj", "{A0F441AA-4EBF-47C1-B0D7-6DCFA44B823E}"
EndProject
Project("{FAE04EC0-301F-11D3-BF4B-00C04F79EFBC}") = "BlazorDemoAspHosted.Shared", "BlazorDemoAspHosted.Shared\BlazorDemoAspHosted.Shared.csproj", "{7F274711-3BDD-46EB-8F13-094564360E7C}"
EndProject
Global
	GlobalSection(SolutionConfigurationPlatforms) = preSolution
		Debug|Any CPU = Debug|Any CPU
		Release|Any CPU = Release|Any CPU
	EndGlobalSection
	GlobalSection(ProjectConfigurationPlatforms) = postSolution
		{A19ED3DA-5138-48E4-9B6F-DB09D0FC710E}.Debug|Any CPU.ActiveCfg = Debug|Any CPU
		{A19ED3DA-5138-48E4-9B6F-DB09D0FC710E}.Debug|Any CPU.Build.0 = Debug|Any CPU
		{A19ED3DA-5138-48E4-9B6F-DB09D0FC710E}.Release|Any CPU.ActiveCfg = Release|Any CPU
		{A19ED3DA-5138-48E4-9B6F-DB09D0FC710E}.Release|Any CPU.Build.0 = Release|Any CPU
		{A0F441AA-4EBF-47C1-B0D7-6DCFA44B823E}.Debug|Any CPU.ActiveCfg = Debug|Any CPU
		{A0F441AA-4EBF-47C1-B0D7-6DCFA44B823E}.Debug|Any CPU.Build.0 = Debug|Any CPU
		{A0F441AA-4EBF-47C1-B0D7-6DCFA44B823E}.Release|Any CPU.ActiveCfg = Release|Any CPU
		{A0F441AA-4EBF-47C1-B0D7-6DCFA44B823E}.Release|Any CPU.Build.0 = Release|Any CPU
		{7F274711-3BDD-46EB-8F13-094564360E7C}.Debug|Any CPU.ActiveCfg = Debug|Any CPU
		{7F274711-3BDD-46EB-8F13-094564360E7C}.Debug|Any CPU.Build.0 = Debug|Any CPU
		{7F274711-3BDD-46EB-8F13-094564360E7C}.Release|Any CPU.ActiveCfg = Release|Any CPU
		{7F274711-3BDD-46EB-8F13-094564360E7C}.Release|Any CPU.Build.0 = Release|Any CPU
	EndGlobalSection
	GlobalSection(SolutionProperties) = preSolution
		HideSolutionNode = FALSE
	EndGlobalSection
	GlobalSection(ExtensibilityGlobals) = postSolution
		SolutionGuid = {74882487-AE10-4C4A-9478-C53AC5910B8B}
	EndGlobalSection
EndGlobal
